
Microsoft Visual Studio Solution File, Format Version 11.00
# Visual Studio 2010
Project("{FAE04EC0-301F-11D3-BF4B-00C04F79EFBC}") = "ChamberLib", "ChamberLib.csproj", "{7DE0B8DB-460B-4455-9BAD-B4FF1280F3CE}"
EndProject
Project("{FAE04EC0-301F-11D3-BF4B-00C04F79EFBC}") = "ChamberLibTests", "ChamberLibTests\ChamberLibTests.csproj", "{4E22BB8D-1B03-415B-8410-5DEA23E66069}"
EndProject
Global
	GlobalSection(SolutionConfigurationPlatforms) = preSolution
		Debug|Any CPU = Debug|Any CPU
		Release|Any CPU = Release|Any CPU
	EndGlobalSection
	GlobalSection(ProjectConfigurationPlatforms) = postSolution
		{7DE0B8DB-460B-4455-9BAD-B4FF1280F3CE}.Debug|Any CPU.ActiveCfg = Debug|Any CPU
		{7DE0B8DB-460B-4455-9BAD-B4FF1280F3CE}.Debug|Any CPU.Build.0 = Debug|Any CPU
		{7DE0B8DB-460B-4455-9BAD-B4FF1280F3CE}.Release|Any CPU.ActiveCfg = Release|Any CPU
		{7DE0B8DB-460B-4455-9BAD-B4FF1280F3CE}.Release|Any CPU.Build.0 = Release|Any CPU
		{4E22BB8D-1B03-415B-8410-5DEA23E66069}.Debug|Any CPU.ActiveCfg = Debug|Any CPU
		{4E22BB8D-1B03-415B-8410-5DEA23E66069}.Debug|Any CPU.Build.0 = Debug|Any CPU
		{4E22BB8D-1B03-415B-8410-5DEA23E66069}.Release|Any CPU.ActiveCfg = Release|Any CPU
		{4E22BB8D-1B03-415B-8410-5DEA23E66069}.Release|Any CPU.Build.0 = Release|Any CPU
	EndGlobalSection
	GlobalSection(SolutionProperties) = preSolution
		HideSolutionNode = FALSE
	EndGlobalSection
EndGlobal
